
Microsoft Visual Studio Solution File, Format Version 12.00
# Visual Studio Version 17
VisualStudioVersion = 17.8.34309.116
MinimumVisualStudioVersion = 10.0.40219.1
Project("{FAE04EC0-301F-11D3-BF4B-00C04F79EFBC}") = "Uygulama", "Uygulama\Uygulama.csproj", "{29665AEB-7BF7-48FE-8571-63D18B0F3EDC}"
EndProject
Global
	GlobalSection(SolutionConfigurationPlatforms) = preSolution
		Debug|Any CPU = Debug|Any CPU
		Release|Any CPU = Release|Any CPU
	EndGlobalSection
	GlobalSection(ProjectConfigurationPlatforms) = postSolution
		{29665AEB-7BF7-48FE-8571-63D18B0F3EDC}.Debug|Any CPU.ActiveCfg = Debug|Any CPU
		{29665AEB-7BF7-48FE-8571-63D18B0F3EDC}.Debug|Any CPU.Build.0 = Debug|Any CPU
		{29665AEB-7BF7-48FE-8571-63D18B0F3EDC}.Release|Any CPU.ActiveCfg = Release|Any CPU
		{29665AEB-7BF7-48FE-8571-63D18B0F3EDC}.Release|Any CPU.Build.0 = Release|Any CPU
	EndGlobalSection
	GlobalSection(SolutionProperties) = preSolution
		HideSolutionNode = FALSE
	EndGlobalSection
	GlobalSection(ExtensibilityGlobals) = postSolution
		SolutionGuid = {F36F2D8B-CBAB-4B7B-B689-879D27BE39DC}
	EndGlobalSection
EndGlobal
